// !$*UTF8*$!
{
	archiveVersion = 1;
	classes = {
	};
	objectVersion = 48;
	objects = {

/* Begin PBXBuildFile section */
		5484CBB31FD3F1980095FF25 /* UIImage+KR.m in Sources */ = {isa = PBXBuildFile; fileRef = 5484CBB21FD3F1980095FF25 /* UIImage+KR.m */; };
		5484CBB71FD400A30095FF25 /* KRCornerTableViewCell.m in Sources */ = {isa = PBXBuildFile; fileRef = 5484CBB51FD400A30095FF25 /* KRCornerTableViewCell.m */; };
		5484CBB81FD400A30095FF25 /* KRCornerTableViewCell.xib in Resources */ = {isa = PBXBuildFile; fileRef = 5484CBB61FD400A30095FF25 /* KRCornerTableViewCell.xib */; };
		54C35F6B1FD3D55A00CFA362 /* AppDelegate.m in Sources */ = {isa = PBXBuildFile; fileRef = 54C35F6A1FD3D55A00CFA362 /* AppDelegate.m */; };
		54C35F6E1FD3D55A00CFA362 /* ViewController.m in Sources */ = {isa = PBXBuildFile; fileRef = 54C35F6D1FD3D55A00CFA362 /* ViewController.m */; };
		54C35F711FD3D55A00CFA362 /* Main.storyboard in Resources */ = {isa = PBXBuildFile; fileRef = 54C35F6F1FD3D55A00CFA362 /* Main.storyboard */; };
		54C35F731FD3D55A00CFA362 /* Assets.xcassets in Resources */ = {isa = PBXBuildFile; fileRef = 54C35F721FD3D55A00CFA362 /* Assets.xcassets */; };
		54C35F761FD3D55A00CFA362 /* LaunchScreen.storyboard in Resources */ = {isa = PBXBuildFile; fileRef = 54C35F741FD3D55A00CFA362 /* LaunchScreen.storyboard */; };
		54C35F791FD3D55A00CFA362 /* main.m in Sources */ = {isa = PBXBuildFile; fileRef = 54C35F781FD3D55A00CFA362 /* main.m */; };
		54C35F831FD3D55A00CFA362 /* KRCornerImageViewTests.m in Sources */ = {isa = PBXBuildFile; fileRef = 54C35F821FD3D55A00CFA362 /* KRCornerImageViewTests.m */; };
		54C35F8E1FD3D55A00CFA362 /* KRCornerImageViewUITests.m in Sources */ = {isa = PBXBuildFile; fileRef = 54C35F8D1FD3D55A00CFA362 /* KRCornerImageViewUITests.m */; };
		54C35FA21FD3D9CB00CFA362 /* UIImageView+KRCornerImageView.m in Sources */ = {isa = PBXBuildFile; fileRef = 54C35FA11FD3D9CB00CFA362 /* UIImageView+KRCornerImageView.m */; };
		90D83AB21B41987DE1F978FD /* libPods-KRCornerImageView.a in Frameworks */ = {isa = PBXBuildFile; fileRef = 7BCB33CCE306A838FEA4389F /* libPods-KRCornerImageView.a */; };
/* End PBXBuildFile section */

/* Begin PBXContainerItemProxy section */
		54C35F7F1FD3D55A00CFA362 /* PBXContainerItemProxy */ = {
			isa = PBXContainerItemProxy;
			containerPortal = 54C35F5E1FD3D55900CFA362 /* Project object */;
			proxyType = 1;
			remoteGlobalIDString = 54C35F651FD3D55900CFA362;
			remoteInfo = KRCornerImageView;
		};
		54C35F8A1FD3D55A00CFA362 /* PBXContainerItemProxy */ = {
			isa = PBXContainerItemProxy;
			containerPortal = 54C35F5E1FD3D55900CFA362 /* Project object */;
			proxyType = 1;
			remoteGlobalIDString = 54C35F651FD3D55900CFA362;
			remoteInfo = KRCornerImageView;
		};
/* End PBXContainerItemProxy section */

/* Begin PBXFileReference section */
		5484CBB11FD3F1980095FF25 /* UIImage+KR.h */ = {isa = PBXFileReference; lastKnownFileType = sourcecode.c.h; path = "UIImage+KR.h"; sourceTree = "<group>"; };
		5484CBB21FD3F1980095FF25 /* UIImage+KR.m */ = {isa = PBXFileReference; lastKnownFileType = sourcecode.c.objc; path = "UIImage+KR.m"; sourceTree = "<group>"; };
		5484CBB41FD400A30095FF25 /* KRCornerTableViewCell.h */ = {isa = PBXFileReference; lastKnownFileType = sourcecode.c.h; path = KRCornerTableViewCell.h; sourceTree = "<group>"; };
		5484CBB51FD400A30095FF25 /* KRCornerTableViewCell.m */ = {isa = PBXFileReference; lastKnownFileType = sourcecode.c.objc; path = KRCornerTableViewCell.m; sourceTree = "<group>"; };
		5484CBB61FD400A30095FF25 /* KRCornerTableViewCell.xib */ = {isa = PBXFileReference; lastKnownFileType = file.xib; path = KRCornerTableViewCell.xib; sourceTree = "<group>"; };
		54C35F661FD3D55900CFA362 /* KRCornerImageView.app */ = {isa = PBXFileReference; explicitFileType = wrapper.application; includeInIndex = 0; path = KRCornerImageView.app; sourceTree = BUILT_PRODUCTS_DIR; };
		54C35F691FD3D55A00CFA362 /* AppDelegate.h */ = {isa = PBXFileReference; lastKnownFileType = sourcecode.c.h; path = AppDelegate.h; sourceTree = "<group>"; };
		54C35F6A1FD3D55A00CFA362 /* AppDelegate.m */ = {isa = PBXFileReference; lastKnownFileType = sourcecode.c.objc; path = AppDelegate.m; sourceTree = "<group>"; };
		54C35F6C1FD3D55A00CFA362 /* ViewController.h */ = {isa = PBXFileReference; lastKnownFileType = sourcecode.c.h; path = ViewController.h; sourceTree = "<group>"; };
		54C35F6D1FD3D55A00CFA362 /* ViewController.m */ = {isa = PBXFileReference; lastKnownFileType = sourcecode.c.objc; path = ViewController.m; sourceTree = "<group>"; };
		54C35F701FD3D55A00CFA362 /* Base */ = {isa = PBXFileReference; lastKnownFileType = file.storyboard; name = Base; path = Base.lproj/Main.storyboard; sourceTree = "<group>"; };
		54C35F721FD3D55A00CFA362 /* Assets.xcassets */ = {isa = PBXFileReference; lastKnownFileType = folder.assetcatalog; path = Assets.xcassets; sourceTree = "<group>"; };
		54C35F751FD3D55A00CFA362 /* Base */ = {isa = PBXFileReference; lastKnownFileType = file.storyboard; name = Base; path = Base.lproj/LaunchScreen.storyboard; sourceTree = "<group>"; };
		54C35F771FD3D55A00CFA362 /* Info.plist */ = {isa = PBXFileReference; lastKnownFileType = text.plist.xml; path = Info.plist; sourceTree = "<group>"; };
		54C35F781FD3D55A00CFA362 /* main.m */ = {isa = PBXFileReference; lastKnownFileType = sourcecode.c.objc; path = main.m; sourceTree = "<group>"; };
		54C35F7E1FD3D55A00CFA362 /* KRCornerImageViewTests.xctest */ = {isa = PBXFileReference; explicitFileType = wrapper.cfbundle; includeInIndex = 0; path = KRCornerImageViewTests.xctest; sourceTree = BUILT_PRODUCTS_DIR; };
		54C35F821FD3D55A00CFA362 /* KRCornerImageViewTests.m */ = {isa = PBXFileReference; lastKnownFileType = sourcecode.c.objc; path = KRCornerImageViewTests.m; sourceTree = "<group>"; };
		54C35F841FD3D55A00CFA362 /* Info.plist */ = {isa = PBXFileReference; lastKnownFileType = text.plist.xml; path = Info.plist; sourceTree = "<group>"; };
		54C35F891FD3D55A00CFA362 /* KRCornerImageViewUITests.xctest */ = {isa = PBXFileReference; explicitFileType = wrapper.cfbundle; includeInIndex = 0; path = KRCornerImageViewUITests.xctest; sourceTree = BUILT_PRODUCTS_DIR; };
		54C35F8D1FD3D55A00CFA362 /* KRCornerImageViewUITests.m */ = {isa = PBXFileReference; lastKnownFileType = sourcecode.c.objc; path = KRCornerImageViewUITests.m; sourceTree = "<group>"; };
		54C35F8F1FD3D55A00CFA362 /* Info.plist */ = {isa = PBXFileReference; lastKnownFileType = text.plist.xml; path = Info.plist; sourceTree = "<group>"; };
		54C35FA01FD3D9CB00CFA362 /* UIImageView+KRCornerImageView.h */ = {isa = PBXFileReference; lastKnownFileType = sourcecode.c.h; path = "UIImageView+KRCornerImageView.h"; sourceTree = "<group>"; };
		54C35FA11FD3D9CB00CFA362 /* UIImageView+KRCornerImageView.m */ = {isa = PBXFileReference; lastKnownFileType = sourcecode.c.objc; path = "UIImageView+KRCornerImageView.m"; sourceTree = "<group>"; };
		564796F8089D7595B0609C33 /* Pods-KRCornerImageView.release.xcconfig */ = {isa = PBXFileReference; includeInIndex = 1; lastKnownFileType = text.xcconfig; name = "Pods-KRCornerImageView.release.xcconfig"; path = "Pods/Target Support Files/Pods-KRCornerImageView/Pods-KRCornerImageView.release.xcconfig"; sourceTree = "<group>"; };
		7BCB33CCE306A838FEA4389F /* libPods-KRCornerImageView.a */ = {isa = PBXFileReference; explicitFileType = archive.ar; includeInIndex = 0; path = "libPods-KRCornerImageView.a"; sourceTree = BUILT_PRODUCTS_DIR; };
		B25D87FE5AB85B91AFE0FE09 /* Pods-KRCornerImageView.debug.xcconfig */ = {isa = PBXFileReference; includeInIndex = 1; lastKnownFileType = text.xcconfig; name = "Pods-KRCornerImageView.debug.xcconfig"; path = "Pods/Target Support Files/Pods-KRCornerImageView/Pods-KRCornerImageView.debug.xcconfig"; sourceTree = "<group>"; };
/* End PBXFileReference section */

/* Begin PBXFrameworksBuildPhase section */
		54C35F631FD3D55900CFA362 /* Frameworks */ = {
			isa = PBXFrameworksBuildPhase;
			buildActionMask = 2147483647;
			files = (
				90D83AB21B41987DE1F978FD /* libPods-KRCornerImageView.a in Frameworks */,
			);
			runOnlyForDeploymentPostprocessing = 0;
		};
		54C35F7B1FD3D55A00CFA362 /* Frameworks */ = {
			isa = PBXFrameworksBuildPhase;
			buildActionMask = 2147483647;
			files = (
			);
			runOnlyForDeploymentPostprocessing = 0;
		};
		54C35F861FD3D55A00CFA362 /* Frameworks */ = {
			isa = PBXFrameworksBuildPhase;
			buildActionMask = 2147483647;
			files = (
			);
			runOnlyForDeploymentPostprocessing = 0;
		};
/* End PBXFrameworksBuildPhase section */

/* Begin PBXGroup section */
		0A0DA9BFD92BA1AAD36E6218 /* Pods */ = {
			isa = PBXGroup;
			children = (
				B25D87FE5AB85B91AFE0FE09 /* Pods-KRCornerImageView.debug.xcconfig */,
				564796F8089D7595B0609C33 /* Pods-KRCornerImageView.release.xcconfig */,
			);
			name = Pods;
			sourceTree = "<group>";
		};
		2D8BBE4AA4CB476BDD5890D7 /* Frameworks */ = {
			isa = PBXGroup;
			children = (
				7BCB33CCE306A838FEA4389F /* libPods-KRCornerImageView.a */,
			);
			name = Frameworks;
			sourceTree = "<group>";
		};
		54C35F5D1FD3D55900CFA362 = {
			isa = PBXGroup;
			children = (
				54C35F681FD3D55900CFA362 /* KRCornerImageView */,
				54C35F811FD3D55A00CFA362 /* KRCornerImageViewTests */,
				54C35F8C1FD3D55A00CFA362 /* KRCornerImageViewUITests */,
				54C35F671FD3D55900CFA362 /* Products */,
				0A0DA9BFD92BA1AAD36E6218 /* Pods */,
				2D8BBE4AA4CB476BDD5890D7 /* Frameworks */,
			);
			sourceTree = "<group>";
		};
		54C35F671FD3D55900CFA362 /* Products */ = {
			isa = PBXGroup;
			children = (
				54C35F661FD3D55900CFA362 /* KRCornerImageView.app */,
				54C35F7E1FD3D55A00CFA362 /* KRCornerImageViewTests.xctest */,
				54C35F891FD3D55A00CFA362 /* KRCornerImageViewUITests.xctest */,
			);
			name = Products;
			sourceTree = "<group>";
		};
		54C35F681FD3D55900CFA362 /* KRCornerImageView */ = {
			isa = PBXGroup;
			children = (
				54C35F9F1FD3D9B000CFA362 /* CornerImageView */,
				54C35F691FD3D55A00CFA362 /* AppDelegate.h */,
				54C35F6A1FD3D55A00CFA362 /* AppDelegate.m */,
				54C35F6C1FD3D55A00CFA362 /* ViewController.h */,
				54C35F6D1FD3D55A00CFA362 /* ViewController.m */,
				54C35F6F1FD3D55A00CFA362 /* Main.storyboard */,
				54C35F721FD3D55A00CFA362 /* Assets.xcassets */,
				54C35F741FD3D55A00CFA362 /* LaunchScreen.storyboard */,
				54C35F771FD3D55A00CFA362 /* Info.plist */,
				54C35F781FD3D55A00CFA362 /* main.m */,
				5484CBB41FD400A30095FF25 /* KRCornerTableViewCell.h */,
				5484CBB51FD400A30095FF25 /* KRCornerTableViewCell.m */,
				5484CBB61FD400A30095FF25 /* KRCornerTableViewCell.xib */,
			);
			path = KRCornerImageView;
			sourceTree = "<group>";
		};
		54C35F811FD3D55A00CFA362 /* KRCornerImageViewTests */ = {
			isa = PBXGroup;
			children = (
				54C35F821FD3D55A00CFA362 /* KRCornerImageViewTests.m */,
				54C35F841FD3D55A00CFA362 /* Info.plist */,
			);
			path = KRCornerImageViewTests;
			sourceTree = "<group>";
		};
		54C35F8C1FD3D55A00CFA362 /* KRCornerImageViewUITests */ = {
			isa = PBXGroup;
			children = (
				54C35F8D1FD3D55A00CFA362 /* KRCornerImageViewUITests.m */,
				54C35F8F1FD3D55A00CFA362 /* Info.plist */,
			);
			path = KRCornerImageViewUITests;
			sourceTree = "<group>";
		};
		54C35F9F1FD3D9B000CFA362 /* CornerImageView */ = {
			isa = PBXGroup;
			children = (
				54C35FA01FD3D9CB00CFA362 /* UIImageView+KRCornerImageView.h */,
				54C35FA11FD3D9CB00CFA362 /* UIImageView+KRCornerImageView.m */,
				5484CBB11FD3F1980095FF25 /* UIImage+KR.h */,
				5484CBB21FD3F1980095FF25 /* UIImage+KR.m */,
			);
			path = CornerImageView;
			sourceTree = "<group>";
		};
/* End PBXGroup section */

/* Begin PBXNativeTarget section */
		54C35F651FD3D55900CFA362 /* KRCornerImageView */ = {
			isa = PBXNativeTarget;
			buildConfigurationList = 54C35F921FD3D55A00CFA362 /* Build configuration list for PBXNativeTarget "KRCornerImageView" */;
			buildPhases = (
				4CEE92373B97CE559F7ED40F /* [CP] Check Pods Manifest.lock */,
				54C35F621FD3D55900CFA362 /* Sources */,
				54C35F631FD3D55900CFA362 /* Frameworks */,
				54C35F641FD3D55900CFA362 /* Resources */,
				7920DC676C677CBA306BD47C /* [CP] Embed Pods Frameworks */,
				F63370F256564DC32ECFAFBE /* [CP] Copy Pods Resources */,
			);
			buildRules = (
			);
			dependencies = (
			);
			name = KRCornerImageView;
			productName = KRCornerImageView;
			productReference = 54C35F661FD3D55900CFA362 /* KRCornerImageView.app */;
			productType = "com.apple.product-type.application";
		};
		54C35F7D1FD3D55A00CFA362 /* KRCornerImageViewTests */ = {
			isa = PBXNativeTarget;
			buildConfigurationList = 54C35F951FD3D55A00CFA362 /* Build configuration list for PBXNativeTarget "KRCornerImageViewTests" */;
			buildPhases = (
				54C35F7A1FD3D55A00CFA362 /* Sources */,
				54C35F7B1FD3D55A00CFA362 /* Frameworks */,
				54C35F7C1FD3D55A00CFA362 /* Resources */,
			);
			buildRules = (
			);
			dependencies = (
				54C35F801FD3D55A00CFA362 /* PBXTargetDependency */,
			);
			name = KRCornerImageViewTests;
			productName = KRCornerImageViewTests;
			productReference = 54C35F7E1FD3D55A00CFA362 /* KRCornerImageViewTests.xctest */;
			productType = "com.apple.product-type.bundle.unit-test";
		};
		54C35F881FD3D55A00CFA362 /* KRCornerImageViewUITests */ = {
			isa = PBXNativeTarget;
			buildConfigurationList = 54C35F981FD3D55A00CFA362 /* Build configuration list for PBXNativeTarget "KRCornerImageViewUITests" */;
			buildPhases = (
				54C35F851FD3D55A00CFA362 /* Sources */,
				54C35F861FD3D55A00CFA362 /* Frameworks */,
				54C35F871FD3D55A00CFA362 /* Resources */,
			);
			buildRules = (
			);
			dependencies = (
				54C35F8B1FD3D55A00CFA362 /* PBXTargetDependency */,
			);
			name = KRCornerImageViewUITests;
			productName = KRCornerImageViewUITests;
			productReference = 54C35F891FD3D55A00CFA362 /* KRCornerImageViewUITests.xctest */;
			productType = "com.apple.product-type.bundle.ui-testing";
		};
/* End PBXNativeTarget section */

/* Begin PBXProject section */
		54C35F5E1FD3D55900CFA362 /* Project object */ = {
			isa = PBXProject;
			attributes = {
				LastUpgradeCheck = 0910;
				ORGANIZATIONNAME = KR;
				TargetAttributes = {
					54C35F651FD3D55900CFA362 = {
						CreatedOnToolsVersion = 9.1;
						ProvisioningStyle = Automatic;
					};
					54C35F7D1FD3D55A00CFA362 = {
						CreatedOnToolsVersion = 9.1;
						ProvisioningStyle = Automatic;
						TestTargetID = 54C35F651FD3D55900CFA362;
					};
					54C35F881FD3D55A00CFA362 = {
						CreatedOnToolsVersion = 9.1;
						ProvisioningStyle = Automatic;
						TestTargetID = 54C35F651FD3D55900CFA362;
					};
				};
			};
			buildConfigurationList = 54C35F611FD3D55900CFA362 /* Build configuration list for PBXProject "KRCornerImageView" */;
			compatibilityVersion = "Xcode 8.0";
			developmentRegion = en;
			hasScannedForEncodings = 0;
			knownRegions = (
				en,
				Base,
			);
			mainGroup = 54C35F5D1FD3D55900CFA362;
			productRefGroup = 54C35F671FD3D55900CFA362 /* Products */;
			projectDirPath = "";
			projectRoot = "";
			targets = (
				54C35F651FD3D55900CFA362 /* KRCornerImageView */,
				54C35F7D1FD3D55A00CFA362 /* KRCornerImageViewTests */,
				54C35F881FD3D55A00CFA362 /* KRCornerImageViewUITests */,
			);
		};
/* End PBXProject section */

/* Begin PBXResourcesBuildPhase section */
		54C35F641FD3D55900CFA362 /* Resources */ = {
			isa = PBXResourcesBuildPhase;
			buildActionMask = 2147483647;
			files = (
				54C35F761FD3D55A00CFA362 /* LaunchScreen.storyboard in Resources */,
				54C35F731FD3D55A00CFA362 /* Assets.xcassets in Resources */,
				54C35F711FD3D55A00CFA362 /* Main.storyboard in Resources */,
				5484CBB81FD400A30095FF25 /* KRCornerTableViewCell.xib in Resources */,
			);
			runOnlyForDeploymentPostprocessing = 0;
		};
		54C35F7C1FD3D55A00CFA362 /* Resources */ = {
			isa = PBXResourcesBuildPhase;
			buildActionMask = 2147483647;
			files = (
			);
			runOnlyForDeploymentPostprocessing = 0;
		};
		54C35F871FD3D55A00CFA362 /* Resources */ = {
			isa = PBXResourcesBuildPhase;
			buildActionMask = 2147483647;
			files = (
			);
			runOnlyForDeploymentPostprocessing = 0;
		};
/* End PBXResourcesBuildPhase section */

/* Begin PBXShellScriptBuildPhase section */
		4CEE92373B97CE559F7ED40F /* [CP] Check Pods Manifest.lock */ = {
			isa = PBXShellScriptBuildPhase;
			buildActionMask = 2147483647;
			files = (
			);
			inputPaths = (
			);
			name = "[CP] Check Pods Manifest.lock";
			outputPaths = (
			);
			runOnlyForDeploymentPostprocessing = 0;
			shellPath = /bin/sh;
			shellScript = "diff \"${PODS_ROOT}/../Podfile.lock\" \"${PODS_ROOT}/Manifest.lock\" > /dev/null\nif [ $? != 0 ] ; then\n    # print error to STDERR\n    echo \"error: The sandbox is not in sync with the Podfile.lock. Run 'pod install' or update your CocoaPods installation.\" >&2\n    exit 1\nfi\n";
			showEnvVarsInLog = 0;
		};
		7920DC676C677CBA306BD47C /* [CP] Embed Pods Frameworks */ = {
			isa = PBXShellScriptBuildPhase;
			buildActionMask = 2147483647;
			files = (
			);
			inputPaths = (
			);
			name = "[CP] Embed Pods Frameworks";
			outputPaths = (
			);
			runOnlyForDeploymentPostprocessing = 0;
			shellPath = /bin/sh;
			shellScript = "\"${SRCROOT}/Pods/Target Support Files/Pods-KRCornerImageView/Pods-KRCornerImageView-frameworks.sh\"\n";
			showEnvVarsInLog = 0;
		};
		F63370F256564DC32ECFAFBE /* [CP] Copy Pods Resources */ = {
			isa = PBXShellScriptBuildPhase;
			buildActionMask = 2147483647;
			files = (
			);
			inputPaths = (
			);
			name = "[CP] Copy Pods Resources";
			outputPaths = (
			);
			runOnlyForDeploymentPostprocessing = 0;
			shellPath = /bin/sh;
			shellScript = "\"${SRCROOT}/Pods/Target Support Files/Pods-KRCornerImageView/Pods-KRCornerImageView-resources.sh\"\n";
			showEnvVarsInLog = 0;
		};
/* End PBXShellScriptBuildPhase section */

/* Begin PBXSourcesBuildPhase section */
		54C35F621FD3D55900CFA362 /* Sources */ = {
			isa = PBXSourcesBuildPhase;
			buildActionMask = 2147483647;
			files = (
				54C35F6E1FD3D55A00CFA362 /* ViewController.m in Sources */,
				54C35FA21FD3D9CB00CFA362 /* UIImageView+KRCornerImageView.m in Sources */,
				5484CBB31FD3F1980095FF25 /* UIImage+KR.m in Sources */,
				54C35F791FD3D55A00CFA362 /* main.m in Sources */,
				54C35F6B1FD3D55A00CFA362 /* AppDelegate.m in Sources */,
				5484CBB71FD400A30095FF25 /* KRCornerTableViewCell.m in Sources */,
			);
			runOnlyForDeploymentPostprocessing = 0;
		};
		54C35F7A1FD3D55A00CFA362 /* Sources */ = {
			isa = PBXSourcesBuildPhase;
			buildActionMask = 2147483647;
			files = (
				54C35F831FD3D55A00CFA362 /* KRCornerImageViewTests.m in Sources */,
			);
			runOnlyForDeploymentPostprocessing = 0;
		};
		54C35F851FD3D55A00CFA362 /* Sources */ = {
			isa = PBXSourcesBuildPhase;
			buildActionMask = 2147483647;
			files = (
				54C35F8E1FD3D55A00CFA362 /* KRCornerImageViewUITests.m in Sources */,
			);
			runOnlyForDeploymentPostprocessing = 0;
		};
/* End PBXSourcesBuildPhase section */

/* Begin PBXTargetDependency section */
		54C35F801FD3D55A00CFA362 /* PBXTargetDependency */ = {
			isa = PBXTargetDependency;
			target = 54C35F651FD3D55900CFA362 /* KRCornerImageView */;
			targetProxy = 54C35F7F1FD3D55A00CFA362 /* PBXContainerItemProxy */;
		};
		54C35F8B1FD3D55A00CFA362 /* PBXTargetDependency */ = {
			isa = PBXTargetDependency;
			target = 54C35F651FD3D55900CFA362 /* KRCornerImageView */;
			targetProxy = 54C35F8A1FD3D55A00CFA362 /* PBXContainerItemProxy */;
		};
/* End PBXTargetDependency section */

/* Begin PBXVariantGroup section */
		54C35F6F1FD3D55A00CFA362 /* Main.storyboard */ = {
			isa = PBXVariantGroup;
			children = (
				54C35F701FD3D55A00CFA362 /* Base */,
			);
			name = Main.storyboard;
			sourceTree = "<group>";
		};
		54C35F741FD3D55A00CFA362 /* LaunchScreen.storyboard */ = {
			isa = PBXVariantGroup;
			children = (
				54C35F751FD3D55A00CFA362 /* Base */,
			);
			name = LaunchScreen.storyboard;
			sourceTree = "<group>";
		};
/* End PBXVariantGroup section */

/* Begin XCBuildConfiguration section */
		54C35F901FD3D55A00CFA362 /* Debug */ = {
			isa = XCBuildConfiguration;
			buildSettings = {
				ALWAYS_SEARCH_USER_PATHS = NO;
				CLANG_ANALYZER_NONNULL = YES;
				CLANG_ANALYZER_NUMBER_OBJECT_CONVERSION = YES_AGGRESSIVE;
				CLANG_CXX_LANGUAGE_STANDARD = "gnu++14";
				CLANG_CXX_LIBRARY = "libc++";
				CLANG_ENABLE_MODULES = YES;
				CLANG_ENABLE_OBJC_ARC = YES;
				CLANG_WARN_BLOCK_CAPTURE_AUTORELEASING = YES;
				CLANG_WARN_BOOL_CONVERSION = YES;
				CLANG_WARN_COMMA = YES;
				CLANG_WARN_CONSTANT_CONVERSION = YES;
				CLANG_WARN_DIRECT_OBJC_ISA_USAGE = YES_ERROR;
				CLANG_WARN_DOCUMENTATION_COMMENTS = YES;
				CLANG_WARN_EMPTY_BODY = YES;
				CLANG_WARN_ENUM_CONVERSION = YES;
				CLANG_WARN_INFINITE_RECURSION = YES;
				CLANG_WARN_INT_CONVERSION = YES;
				CLANG_WARN_NON_LITERAL_NULL_CONVERSION = YES;
				CLANG_WARN_OBJC_LITERAL_CONVERSION = YES;
				CLANG_WARN_OBJC_ROOT_CLASS = YES_ERROR;
				CLANG_WARN_RANGE_LOOP_ANALYSIS = YES;
				CLANG_WARN_STRICT_PROTOTYPES = YES;
				CLANG_WARN_SUSPICIOUS_MOVE = YES;
				CLANG_WARN_UNGUARDED_AVAILABILITY = YES_AGGRESSIVE;
				CLANG_WARN_UNREACHABLE_CODE = YES;
				CLANG_WARN__DUPLICATE_METHOD_MATCH = YES;
				CODE_SIGN_IDENTITY = "iPhone Developer";
				COPY_PHASE_STRIP = NO;
				DEBUG_INFORMATION_FORMAT = dwarf;
				ENABLE_STRICT_OBJC_MSGSEND = YES;
				ENABLE_TESTABILITY = YES;
				GCC_C_LANGUAGE_STANDARD = gnu11;
				GCC_DYNAMIC_NO_PIC = NO;
				GCC_NO_COMMON_BLOCKS = YES;
				GCC_OPTIMIZATION_LEVEL = 0;
				GCC_PREPROCESSOR_DEFINITIONS = (
					"DEBUG=1",
					"$(inherited)",
				);
				GCC_WARN_64_TO_32_BIT_CONVERSION = YES;
				GCC_WARN_ABOUT_RETURN_TYPE = YES_ERROR;
				GCC_WARN_UNDECLARED_SELECTOR = YES;
				GCC_WARN_UNINITIALIZED_AUTOS = YES_AGGRESSIVE;
				GCC_WARN_UNUSED_FUNCTION = YES;
				GCC_WARN_UNUSED_VARIABLE = YES;
				IPHONEOS_DEPLOYMENT_TARGET = 11.1;
				MTL_ENABLE_DEBUG_INFO = YES;
				ONLY_ACTIVE_ARCH = YES;
				SDKROOT = iphoneos;
			};
			name = Debug;
		};
		54C35F911FD3D55A00CFA362 /* Release */ = {
			isa = XCBuildConfiguration;
			buildSettings = {
				ALWAYS_SEARCH_USER_PATHS = NO;
				CLANG_ANALYZER_NONNULL = YES;
				CLANG_ANALYZER_NUMBER_OBJECT_CONVERSION = YES_AGGRESSIVE;
				CLANG_CXX_LANGUAGE_STANDARD = "gnu++14";
				CLANG_CXX_LIBRARY = "libc++";
				CLANG_ENABLE_MODULES = YES;
				CLANG_ENABLE_OBJC_ARC = YES;
				CLANG_WARN_BLOCK_CAPTURE_AUTORELEASING = YES;
				CLANG_WARN_BOOL_CONVERSION = YES;
				CLANG_WARN_COMMA = YES;
				CLANG_WARN_CONSTANT_CONVERSION = YES;
				CLANG_WARN_DIRECT_OBJC_ISA_USAGE = YES_ERROR;
				CLANG_WARN_DOCUMENTATION_COMMENTS = YES;
				CLANG_WARN_EMPTY_BODY = YES;
				CLANG_WARN_ENUM_CONVERSION = YES;
				CLANG_WARN_INFINITE_RECURSION = YES;
				CLANG_WARN_INT_CONVERSION = YES;
				CLANG_WARN_NON_LITERAL_NULL_CONVERSION = YES;
				CLANG_WARN_OBJC_LITERAL_CONVERSION = YES;
				CLANG_WARN_OBJC_ROOT_CLASS = YES_ERROR;
				CLANG_WARN_RANGE_LOOP_ANALYSIS = YES;
				CLANG_WARN_STRICT_PROTOTYPES = YES;
				CLANG_WARN_SUSPICIOUS_MOVE = YES;
				CLANG_WARN_UNGUARDED_AVAILABILITY = YES_AGGRESSIVE;
				CLANG_WARN_UNREACHABLE_CODE = YES;
				CLANG_WARN__DUPLICATE_METHOD_MATCH = YES;
				CODE_SIGN_IDENTITY = "iPhone Developer";
				COPY_PHASE_STRIP = NO;
				DEBUG_INFORMATION_FORMAT = "dwarf-with-dsym";
				ENABLE_NS_ASSERTIONS = NO;
				ENABLE_STRICT_OBJC_MSGSEND = YES;
				GCC_C_LANGUAGE_STANDARD = gnu11;
				GCC_NO_COMMON_BLOCKS = YES;
				GCC_WARN_64_TO_32_BIT_CONVERSION = YES;
				GCC_WARN_ABOUT_RETURN_TYPE = YES_ERROR;
				GCC_WARN_UNDECLARED_SELECTOR = YES;
				GCC_WARN_UNINITIALIZED_AUTOS = YES_AGGRESSIVE;
				GCC_WARN_UNUSED_FUNCTION = YES;
				GCC_WARN_UNUSED_VARIABLE = YES;
				IPHONEOS_DEPLOYMENT_TARGET = 11.1;
				MTL_ENABLE_DEBUG_INFO = NO;
				SDKROOT = iphoneos;
				VALIDATE_PRODUCT = YES;
			};
			name = Release;
		};
		54C35F931FD3D55A00CFA362 /* Debug */ = {
			isa = XCBuildConfiguration;
			baseConfigurationReference = B25D87FE5AB85B91AFE0FE09 /* Pods-KRCornerImageView.debug.xcconfig */;
			buildSettings = {
				ASSETCATALOG_COMPILER_APPICON_NAME = AppIcon;
				CODE_SIGN_STYLE = Automatic;
				INFOPLIST_FILE = KRCornerImageView/Info.plist;
				LD_RUNPATH_SEARCH_PATHS = "$(inherited) @executable_path/Frameworks";
				PRODUCT_BUNDLE_IDENTIFIER = com.kr.KRCornerImageView;
				PRODUCT_NAME = "$(TARGET_NAME)";
				TARGETED_DEVICE_FAMILY = "1,2";
			};
			name = Debug;
		};
		54C35F941FD3D55A00CFA362 /* Release */ = {
			isa = XCBuildConfiguration;
			baseConfigurationReference = 564796F8089D7595B0609C33 /* Pods-KRCornerImageView.release.xcconfig */;
			buildSettings = {
				ASSETCATALOG_COMPILER_APPICON_NAME = AppIcon;
				CODE_SIGN_STYLE = Automatic;
				INFOPLIST_FILE = KRCornerImageView/Info.plist;
				LD_RUNPATH_SEARCH_PATHS = "$(inherited) @executable_path/Frameworks";
				PRODUCT_BUNDLE_IDENTIFIER = com.kr.KRCornerImageView;
				PRODUCT_NAME = "$(TARGET_NAME)";
				TARGETED_DEVICE_FAMILY = "1,2";
			};
			name = Release;
		};
		54C35F961FD3D55A00CFA362 /* Debug */ = {
			isa = XCBuildConfiguration;
			buildSettings = {
				BUNDLE_LOADER = "$(TEST_HOST)";
				CODE_SIGN_STYLE = Automatic;
				INFOPLIST_FILE = KRCornerImageViewTests/Info.plist;
				LD_RUNPATH_SEARCH_PATHS = "$(inherited) @executable_path/Frameworks @loader_path/Frameworks";
				PRODUCT_BUNDLE_IDENTIFIER = com.kr.KRCornerImageViewTests;
				PRODUCT_NAME = "$(TARGET_NAME)";
				TARGETED_DEVICE_FAMILY = "1,2";
				TEST_HOST = "$(BUILT_PRODUCTS_DIR)/KRCornerImageView.app/KRCornerImageView";
			};
			name = Debug;
		};
		54C35F971FD3D55A00CFA362 /* Release */ = {
			isa = XCBuildConfiguration;
			buildSettings = {
				BUNDLE_LOADER = "$(TEST_HOST)";
				CODE_SIGN_STYLE = Automatic;
				INFOPLIST_FILE = KRCornerImageViewTests/Info.plist;
				LD_RUNPATH_SEARCH_PATHS = "$(inherited) @executable_path/Frameworks @loader_path/Frameworks";
				PRODUCT_BUNDLE_IDENTIFIER = com.kr.KRCornerImageViewTests;
				PRODUCT_NAME = "$(TARGET_NAME)";
				TARGETED_DEVICE_FAMILY = "1,2";
				TEST_HOST = "$(BUILT_PRODUCTS_DIR)/KRCornerImageView.app/KRCornerImageView";
			};
			name = Release;
		};
		54C35F991FD3D55A00CFA362 /* Debug */ = {
			isa = XCBuildConfiguration;
			buildSettings = {
				CODE_SIGN_STYLE = Automatic;
				INFOPLIST_FILE = KRCornerImageViewUITests/Info.plist;
				LD_RUNPATH_SEARCH_PATHS = "$(inherited) @executable_path/Frameworks @loader_path/Frameworks";
				PRODUCT_BUNDLE_IDENTIFIER = com.kr.KRCornerImageViewUITests;
				PRODUCT_NAME = "$(TARGET_NAME)";
				TARGETED_DEVICE_FAMILY = "1,2";
				TEST_TARGET_NAME = KRCornerImageView;
			};
			name = Debug;
		};
		54C35F9A1FD3D55A00CFA362 /* Release */ = {
			isa = XCBuildConfiguration;
			buildSettings = {
				CODE_SIGN_STYLE = Automatic;
				INFOPLIST_FILE = KRCornerImageViewUITests/Info.plist;
				LD_RUNPATH_SEARCH_PATHS = "$(inherited) @executable_path/Frameworks @loader_path/Frameworks";
				PRODUCT_BUNDLE_IDENTIFIER = com.kr.KRCornerImageViewUITests;
				PRODUCT_NAME = "$(TARGET_NAME)";
				TARGETED_DEVICE_FAMILY = "1,2";
				TEST_TARGET_NAME = KRCornerImageView;
			};
			name = Release;
		};
/* End XCBuildConfiguration section */

/* Begin XCConfigurationList section */
		54C35F611FD3D55900CFA362 /* Build configuration list for PBXProject "KRCornerImageView" */ = {
			isa = XCConfigurationList;
			buildConfigurations = (
				54C35F901FD3D55A00CFA362 /* Debug */,
				54C35F911FD3D55A00CFA362 /* Release */,
			);
			defaultConfigurationIsVisible = 0;
			defaultConfigurationName = Release;
		};
		54C35F921FD3D55A00CFA362 /* Build configuration list for PBXNativeTarget "KRCornerImageView" */ = {
			isa = XCConfigurationList;
			buildConfigurations = (
				54C35F931FD3D55A00CFA362 /* Debug */,
				54C35F941FD3D55A00CFA362 /* Release */,
			);
			defaultConfigurationIsVisible = 0;
			defaultConfigurationName = Release;
		};
		54C35F951FD3D55A00CFA362 /* Build configuration list for PBXNativeTarget "KRCornerImageViewTests" */ = {
			isa = XCConfigurationList;
			buildConfigurations = (
				54C35F961FD3D55A00CFA362 /* Debug */,
				54C35F971FD3D55A00CFA362 /* Release */,
			);
			defaultConfigurationIsVisible = 0;
			defaultConfigurationName = Release;
		};
		54C35F981FD3D55A00CFA362 /* Build configuration list for PBXNativeTarget "KRCornerImageViewUITests" */ = {
			isa = XCConfigurationList;
			buildConfigurations = (
				54C35F991FD3D55A00CFA362 /* Debug */,
				54C35F9A1FD3D55A00CFA362 /* Release */,
			);
			defaultConfigurationIsVisible = 0;
			defaultConfigurationName = Release;
		};
/* End XCConfigurationList section */
	};
	rootObject = 54C35F5E1FD3D55900CFA362 /* Project object */;
}
